
Microsoft Visual Studio Solution File, Format Version 12.00
# Visual Studio Version 17
VisualStudioVersion = 17.4.33122.133
MinimumVisualStudioVersion = 10.0.40219.1
Project("{FAE04EC0-301F-11D3-BF4B-00C04F79EFBC}") = "Berla_1", "Berla_1\Berla_1.csproj", "{164C766E-A1BB-4C3C-8FA7-A424E9A9612F}"
EndProject
Global
	GlobalSection(SolutionConfigurationPlatforms) = preSolution
		Debug|Any CPU = Debug|Any CPU
		Release|Any CPU = Release|Any CPU
	EndGlobalSection
	GlobalSection(ProjectConfigurationPlatforms) = postSolution
		{164C766E-A1BB-4C3C-8FA7-A424E9A9612F}.Debug|Any CPU.ActiveCfg = Debug|Any CPU
		{164C766E-A1BB-4C3C-8FA7-A424E9A9612F}.Debug|Any CPU.Build.0 = Debug|Any CPU
		{164C766E-A1BB-4C3C-8FA7-A424E9A9612F}.Release|Any CPU.ActiveCfg = Release|Any CPU
		{164C766E-A1BB-4C3C-8FA7-A424E9A9612F}.Release|Any CPU.Build.0 = Release|Any CPU
	EndGlobalSection
	GlobalSection(SolutionProperties) = preSolution
		HideSolutionNode = FALSE
	EndGlobalSection
	GlobalSection(ExtensibilityGlobals) = postSolution
		SolutionGuid = {1996C4DE-9E96-4C4D-8520-C94B84F1F5FE}
	EndGlobalSection
EndGlobal
